
Microsoft Visual Studio Solution File, Format Version 12.00
# Visual Studio Version 17
VisualStudioVersion = 17.7.34031.279
MinimumVisualStudioVersion = 10.0.40219.1
Project("{FAE04EC0-301F-11D3-BF4B-00C04F79EFBC}") = "PRACTIKA4", "PRACTIKA4\PRACTIKA4.csproj", "{F40A77AB-BD64-4F50-A833-11648CEEB967}"
EndProject
Global
	GlobalSection(SolutionConfigurationPlatforms) = preSolution
		Debug|Any CPU = Debug|Any CPU
		Release|Any CPU = Release|Any CPU
	EndGlobalSection
	GlobalSection(ProjectConfigurationPlatforms) = postSolution
		{F40A77AB-BD64-4F50-A833-11648CEEB967}.Debug|Any CPU.ActiveCfg = Debug|Any CPU
		{F40A77AB-BD64-4F50-A833-11648CEEB967}.Debug|Any CPU.Build.0 = Debug|Any CPU
		{F40A77AB-BD64-4F50-A833-11648CEEB967}.Release|Any CPU.ActiveCfg = Release|Any CPU
		{F40A77AB-BD64-4F50-A833-11648CEEB967}.Release|Any CPU.Build.0 = Release|Any CPU
	EndGlobalSection
	GlobalSection(SolutionProperties) = preSolution
		HideSolutionNode = FALSE
	EndGlobalSection
	GlobalSection(ExtensibilityGlobals) = postSolution
		SolutionGuid = {9B7FC62A-C10B-4E26-A3E4-BBBA51743E83}
	EndGlobalSection
EndGlobal
